
Microsoft Visual Studio Solution File, Format Version 12.00
# Visual Studio 2013
VisualStudioVersion = 12.0.31101.0
MinimumVisualStudioVersion = 10.0.40219.1
Project("{FAE04EC0-301F-11D3-BF4B-00C04F79EFBC}") = "jaydata", "jaydata.csproj", "{8008D1BF-B11D-424D-A183-FC98D6032548}"
EndProject
Project("{9092AA53-FB77-4645-B42D-1CCCA6BD08BD}") = "src", "src\src.njsproj", "{ABA96BBE-4F39-42D6-A873-FDFCEA24D6DA}"
EndProject
Project("{FAE04EC0-301F-11D3-BF4B-00C04F79EFBC}") = "CommonItems", "test\CommonEntities\CommonItems.csproj", "{5D4BE581-D0BC-48FF-B8BF-70A763ECA0F4}"
EndProject
Project("{FAE04EC0-301F-11D3-BF4B-00C04F79EFBC}") = "WebApi_2_2_OData_1-3", "test\WebApi_2_2_OData_1-3\WebApi_2_2_OData_1-3.csproj", "{14AC2B3C-F935-4B58-8B31-5DE4EE530732}"
EndProject
Project("{FAE04EC0-301F-11D3-BF4B-00C04F79EFBC}") = "WebApi_2_2_OData_4", "test\WebApi_2_2_OData_4\WebApi_2_2_OData_4.csproj", "{6021AD91-5023-4D0B-BD47-25EB2CCF025C}"
EndProject
Project("{2150E333-8FDC-42A3-9474-1A3956D46DE8}") = ".nuget", ".nuget", "{E94201B1-1C5B-4E96-9902-4C671F6D5076}"
	ProjectSection(SolutionItems) = preProject
		.nuget\NuGet.Config = .nuget\NuGet.Config
		.nuget\NuGet.exe = .nuget\NuGet.exe
		.nuget\NuGet.targets = .nuget\NuGet.targets
	EndProjectSection
EndProject
Project("{9092AA53-FB77-4645-B42D-1CCCA6BD08BD}") = "qunit", "test\qunit\qunit.njsproj", "{A875AAE4-4A71-41B9-AE33-530E92DF593B}"
EndProject
Project("{2150E333-8FDC-42A3-9474-1A3956D46DE8}") = "test", "test", "{5E6E2B0F-B0B4-44A5-8BC0-C982EEED528B}"
EndProject
Global
	GlobalSection(SolutionConfigurationPlatforms) = preSolution
		Debug|Any CPU = Debug|Any CPU
		Release|Any CPU = Release|Any CPU
	EndGlobalSection
	GlobalSection(ProjectConfigurationPlatforms) = postSolution
		{8008D1BF-B11D-424D-A183-FC98D6032548}.Debug|Any CPU.ActiveCfg = Debug|Any CPU
		{8008D1BF-B11D-424D-A183-FC98D6032548}.Debug|Any CPU.Build.0 = Debug|Any CPU
		{8008D1BF-B11D-424D-A183-FC98D6032548}.Release|Any CPU.ActiveCfg = Release|Any CPU
		{8008D1BF-B11D-424D-A183-FC98D6032548}.Release|Any CPU.Build.0 = Release|Any CPU
		{ABA96BBE-4F39-42D6-A873-FDFCEA24D6DA}.Debug|Any CPU.ActiveCfg = Debug|Any CPU
		{ABA96BBE-4F39-42D6-A873-FDFCEA24D6DA}.Debug|Any CPU.Build.0 = Debug|Any CPU
		{ABA96BBE-4F39-42D6-A873-FDFCEA24D6DA}.Release|Any CPU.ActiveCfg = Release|Any CPU
		{ABA96BBE-4F39-42D6-A873-FDFCEA24D6DA}.Release|Any CPU.Build.0 = Release|Any CPU
		{5D4BE581-D0BC-48FF-B8BF-70A763ECA0F4}.Debug|Any CPU.ActiveCfg = Debug|Any CPU
		{5D4BE581-D0BC-48FF-B8BF-70A763ECA0F4}.Debug|Any CPU.Build.0 = Debug|Any CPU
		{5D4BE581-D0BC-48FF-B8BF-70A763ECA0F4}.Release|Any CPU.ActiveCfg = Release|Any CPU
		{5D4BE581-D0BC-48FF-B8BF-70A763ECA0F4}.Release|Any CPU.Build.0 = Release|Any CPU
		{14AC2B3C-F935-4B58-8B31-5DE4EE530732}.Debug|Any CPU.ActiveCfg = Debug|Any CPU
		{14AC2B3C-F935-4B58-8B31-5DE4EE530732}.Debug|Any CPU.Build.0 = Debug|Any CPU
		{14AC2B3C-F935-4B58-8B31-5DE4EE530732}.Release|Any CPU.ActiveCfg = Release|Any CPU
		{14AC2B3C-F935-4B58-8B31-5DE4EE530732}.Release|Any CPU.Build.0 = Release|Any CPU
		{6021AD91-5023-4D0B-BD47-25EB2CCF025C}.Debug|Any CPU.ActiveCfg = Debug|Any CPU
		{6021AD91-5023-4D0B-BD47-25EB2CCF025C}.Debug|Any CPU.Build.0 = Debug|Any CPU
		{6021AD91-5023-4D0B-BD47-25EB2CCF025C}.Release|Any CPU.ActiveCfg = Release|Any CPU
		{6021AD91-5023-4D0B-BD47-25EB2CCF025C}.Release|Any CPU.Build.0 = Release|Any CPU
		{A875AAE4-4A71-41B9-AE33-530E92DF593B}.Debug|Any CPU.ActiveCfg = Debug|Any CPU
		{A875AAE4-4A71-41B9-AE33-530E92DF593B}.Debug|Any CPU.Build.0 = Debug|Any CPU
		{A875AAE4-4A71-41B9-AE33-530E92DF593B}.Release|Any CPU.ActiveCfg = Release|Any CPU
		{A875AAE4-4A71-41B9-AE33-530E92DF593B}.Release|Any CPU.Build.0 = Release|Any CPU
	EndGlobalSection
	GlobalSection(SolutionProperties) = preSolution
		HideSolutionNode = FALSE
	EndGlobalSection
	GlobalSection(NestedProjects) = preSolution
		{5D4BE581-D0BC-48FF-B8BF-70A763ECA0F4} = {5E6E2B0F-B0B4-44A5-8BC0-C982EEED528B}
		{14AC2B3C-F935-4B58-8B31-5DE4EE530732} = {5E6E2B0F-B0B4-44A5-8BC0-C982EEED528B}
		{6021AD91-5023-4D0B-BD47-25EB2CCF025C} = {5E6E2B0F-B0B4-44A5-8BC0-C982EEED528B}
		{A875AAE4-4A71-41B9-AE33-530E92DF593B} = {5E6E2B0F-B0B4-44A5-8BC0-C982EEED528B}
	EndGlobalSection
EndGlobal
